
Microsoft Visual Studio Solution File, Format Version 12.00
# Visual Studio Version 16
VisualStudioVersion = 16.0.29318.209
MinimumVisualStudioVersion = 10.0.40219.1
Project("{FAE04EC0-301F-11D3-BF4B-00C04F79EFBC}") = "wujiang.app", "wujiang.app.csproj", "{4AC47F20-22BA-4AA6-B702-33F11EDA5CE5}"
EndProject
Global
	GlobalSection(SolutionConfigurationPlatforms) = preSolution
		Debug|Any CPU = Debug|Any CPU
		Release|Any CPU = Release|Any CPU
	EndGlobalSection
	GlobalSection(ProjectConfigurationPlatforms) = postSolution
		{4AC47F20-22BA-4AA6-B702-33F11EDA5CE5}.Debug|Any CPU.ActiveCfg = Debug|Any CPU
		{4AC47F20-22BA-4AA6-B702-33F11EDA5CE5}.Debug|Any CPU.Build.0 = Debug|Any CPU
		{4AC47F20-22BA-4AA6-B702-33F11EDA5CE5}.Release|Any CPU.ActiveCfg = Release|Any CPU
		{4AC47F20-22BA-4AA6-B702-33F11EDA5CE5}.Release|Any CPU.Build.0 = Release|Any CPU
	EndGlobalSection
	GlobalSection(SolutionProperties) = preSolution
		HideSolutionNode = FALSE
	EndGlobalSection
	GlobalSection(ExtensibilityGlobals) = postSolution
		SolutionGuid = {EB9A94EC-CFA3-4860-8B83-9A7457B7A790}
	EndGlobalSection
EndGlobal
